
Microsoft Visual Studio Solution File, Format Version 12.00
# Visual Studio 15
VisualStudioVersion = 15.0.28010.2048
MinimumVisualStudioVersion = 10.0.40219.1
Project("{FAE04EC0-301F-11D3-BF4B-00C04F79EFBC}") = "find_path_visual", "find_path_visual\find_path_visual.csproj", "{A081DFCD-12F3-4F39-A196-A339EE22A20F}"
EndProject
Global
	GlobalSection(SolutionConfigurationPlatforms) = preSolution
		Debug|Any CPU = Debug|Any CPU
		Release|Any CPU = Release|Any CPU
	EndGlobalSection
	GlobalSection(ProjectConfigurationPlatforms) = postSolution
		{A081DFCD-12F3-4F39-A196-A339EE22A20F}.Debug|Any CPU.ActiveCfg = Debug|Any CPU
		{A081DFCD-12F3-4F39-A196-A339EE22A20F}.Debug|Any CPU.Build.0 = Debug|Any CPU
		{A081DFCD-12F3-4F39-A196-A339EE22A20F}.Release|Any CPU.ActiveCfg = Release|Any CPU
		{A081DFCD-12F3-4F39-A196-A339EE22A20F}.Release|Any CPU.Build.0 = Release|Any CPU
	EndGlobalSection
	GlobalSection(SolutionProperties) = preSolution
		HideSolutionNode = FALSE
	EndGlobalSection
	GlobalSection(ExtensibilityGlobals) = postSolution
		SolutionGuid = {BB56E994-B72A-4244-832C-473027C3D4D2}
	EndGlobalSection
EndGlobal
